
Microsoft Visual Studio Solution File, Format Version 12.00
# Visual Studio Version 17
VisualStudioVersion = 17.11.35312.102
MinimumVisualStudioVersion = 10.0.40219.1
Project("{FAE04EC0-301F-11D3-BF4B-00C04F79EFBC}") = "NTVibeWebApp", "NTVibeWebApp\NTVibeWebApp.csproj", "{1BDC1593-0D74-4B6A-8AAD-C365A924C50A}"
EndProject
Global
	GlobalSection(SolutionConfigurationPlatforms) = preSolution
		Debug|Any CPU = Debug|Any CPU
		Release|Any CPU = Release|Any CPU
	EndGlobalSection
	GlobalSection(ProjectConfigurationPlatforms) = postSolution
		{1BDC1593-0D74-4B6A-8AAD-C365A924C50A}.Debug|Any CPU.ActiveCfg = Debug|Any CPU
		{1BDC1593-0D74-4B6A-8AAD-C365A924C50A}.Debug|Any CPU.Build.0 = Debug|Any CPU
		{1BDC1593-0D74-4B6A-8AAD-C365A924C50A}.Release|Any CPU.ActiveCfg = Release|Any CPU
		{1BDC1593-0D74-4B6A-8AAD-C365A924C50A}.Release|Any CPU.Build.0 = Release|Any CPU
	EndGlobalSection
	GlobalSection(SolutionProperties) = preSolution
		HideSolutionNode = FALSE
	EndGlobalSection
	GlobalSection(ExtensibilityGlobals) = postSolution
		SolutionGuid = {44396CC4-B0B6-434B-8F17-8B89F449ED3E}
	EndGlobalSection
EndGlobal
