
Microsoft Visual Studio Solution File, Format Version 12.00
# Visual Studio Version 17
VisualStudioVersion = 17.11.35312.102
MinimumVisualStudioVersion = 10.0.40219.1
Project("{FAE04EC0-301F-11D3-BF4B-00C04F79EFBC}") = "NTVibeWebApp.Server", "NTVibeWebApp.Server\NTVibeWebApp.Server.csproj", "{894DB389-634C-4582-845A-7E6827AFD7BA}"
EndProject
Project("{54A90642-561A-4BB1-A94E-469ADEE60C69}") = "ntvibewebapp.client", "ntvibewebapp.client\ntvibewebapp.client.esproj", "{1B2FDE51-7F5E-4E6A-A4E3-AAAE1A355B0D}"
EndProject
Global
	GlobalSection(SolutionConfigurationPlatforms) = preSolution
		Debug|Any CPU = Debug|Any CPU
		Release|Any CPU = Release|Any CPU
	EndGlobalSection
	GlobalSection(ProjectConfigurationPlatforms) = postSolution
		{894DB389-634C-4582-845A-7E6827AFD7BA}.Debug|Any CPU.ActiveCfg = Debug|Any CPU
		{894DB389-634C-4582-845A-7E6827AFD7BA}.Debug|Any CPU.Build.0 = Debug|Any CPU
		{894DB389-634C-4582-845A-7E6827AFD7BA}.Release|Any CPU.ActiveCfg = Release|Any CPU
		{894DB389-634C-4582-845A-7E6827AFD7BA}.Release|Any CPU.Build.0 = Release|Any CPU
		{1B2FDE51-7F5E-4E6A-A4E3-AAAE1A355B0D}.Debug|Any CPU.ActiveCfg = Debug|Any CPU
		{1B2FDE51-7F5E-4E6A-A4E3-AAAE1A355B0D}.Debug|Any CPU.Build.0 = Debug|Any CPU
		{1B2FDE51-7F5E-4E6A-A4E3-AAAE1A355B0D}.Debug|Any CPU.Deploy.0 = Debug|Any CPU
		{1B2FDE51-7F5E-4E6A-A4E3-AAAE1A355B0D}.Release|Any CPU.ActiveCfg = Release|Any CPU
		{1B2FDE51-7F5E-4E6A-A4E3-AAAE1A355B0D}.Release|Any CPU.Build.0 = Release|Any CPU
		{1B2FDE51-7F5E-4E6A-A4E3-AAAE1A355B0D}.Release|Any CPU.Deploy.0 = Release|Any CPU
	EndGlobalSection
	GlobalSection(SolutionProperties) = preSolution
		HideSolutionNode = FALSE
	EndGlobalSection
	GlobalSection(ExtensibilityGlobals) = postSolution
		SolutionGuid = {DA6B1170-C2FB-4117-9F53-EB984D4CD41B}
	EndGlobalSection
EndGlobal
